// !$*UTF8*$!
{
	archiveVersion = 1;
	classes = {
	};
	objectVersion = 46;
	objects = {

/* Begin PBXBuildFile section */
		FDEE65C51DFE28CF0078EE14 /* main.m in Sources */ = {isa = PBXBuildFile; fileRef = FDEE65C41DFE28CF0078EE14 /* main.m */; };
		FDEE65C81DFE28CF0078EE14 /* AppDelegate.m in Sources */ = {isa = PBXBuildFile; fileRef = FDEE65C71DFE28CF0078EE14 /* AppDelegate.m */; };
		FDEE65CB1DFE28CF0078EE14 /* ViewController.m in Sources */ = {isa = PBXBuildFile; fileRef = FDEE65CA1DFE28CF0078EE14 /* ViewController.m */; };
		FDEE65CE1DFE28CF0078EE14 /* Main.storyboard in Resources */ = {isa = PBXBuildFile; fileRef = FDEE65CC1DFE28CF0078EE14 /* Main.storyboard */; };
		FDEE65D01DFE28CF0078EE14 /* Assets.xcassets in Resources */ = {isa = PBXBuildFile; fileRef = FDEE65CF1DFE28CF0078EE14 /* Assets.xcassets */; };
		FDEE65D31DFE28CF0078EE14 /* LaunchScreen.storyboard in Resources */ = {isa = PBXBuildFile; fileRef = FDEE65D11DFE28CF0078EE14 /* LaunchScreen.storyboard */; };
		FDEE65F91DFE29040078EE14 /* JSUIKit.m in Sources */ = {isa = PBXBuildFile; fileRef = FDEE65F81DFE29040078EE14 /* JSUIKit.m */; };
/* End PBXBuildFile section */

/* Begin PBXFileReference section */
		DA1F67967CE1B13BF8B0248E /* libPods-JSUIKitDemo.a */ = {isa = PBXFileReference; explicitFileType = archive.ar; includeInIndex = 0; path = "libPods-JSUIKitDemo.a"; sourceTree = BUILT_PRODUCTS_DIR; };
		FDC147311E095C6A007C2335 /* libz.tbd */ = {isa = PBXFileReference; lastKnownFileType = "sourcecode.text-based-dylib-definition"; name = libz.tbd; path = usr/lib/libz.tbd; sourceTree = SDKROOT; };
		FDEE65C01DFE28CF0078EE14 /* JSUIKitDemo.app */ = {isa = PBXFileReference; explicitFileType = wrapper.application; includeInIndex = 0; path = JSUIKitDemo.app; sourceTree = BUILT_PRODUCTS_DIR; };
		FDEE65C41DFE28CF0078EE14 /* main.m */ = {isa = PBXFileReference; lastKnownFileType = sourcecode.c.objc; path = main.m; sourceTree = "<group>"; };
		FDEE65C61DFE28CF0078EE14 /* AppDelegate.h */ = {isa = PBXFileReference; lastKnownFileType = sourcecode.c.h; path = AppDelegate.h; sourceTree = "<group>"; };
		FDEE65C71DFE28CF0078EE14 /* AppDelegate.m */ = {isa = PBXFileReference; lastKnownFileType = sourcecode.c.objc; path = AppDelegate.m; sourceTree = "<group>"; };
		FDEE65C91DFE28CF0078EE14 /* ViewController.h */ = {isa = PBXFileReference; lastKnownFileType = sourcecode.c.h; path = ViewController.h; sourceTree = "<group>"; };
		FDEE65CA1DFE28CF0078EE14 /* ViewController.m */ = {isa = PBXFileReference; lastKnownFileType = sourcecode.c.objc; path = ViewController.m; sourceTree = "<group>"; };
		FDEE65CD1DFE28CF0078EE14 /* Base */ = {isa = PBXFileReference; lastKnownFileType = file.storyboard; name = Base; path = Base.lproj/Main.storyboard; sourceTree = "<group>"; };
		FDEE65CF1DFE28CF0078EE14 /* Assets.xcassets */ = {isa = PBXFileReference; lastKnownFileType = folder.assetcatalog; path = Assets.xcassets; sourceTree = "<group>"; };
		FDEE65D21DFE28CF0078EE14 /* Base */ = {isa = PBXFileReference; lastKnownFileType = file.storyboard; name = Base; path = Base.lproj/LaunchScreen.storyboard; sourceTree = "<group>"; };
		FDEE65D41DFE28CF0078EE14 /* Info.plist */ = {isa = PBXFileReference; lastKnownFileType = text.plist.xml; path = Info.plist; sourceTree = "<group>"; };
		FDEE65F71DFE29040078EE14 /* JSUIKit.h */ = {isa = PBXFileReference; fileEncoding = 4; lastKnownFileType = sourcecode.c.h; path = JSUIKit.h; sourceTree = "<group>"; };
		FDEE65F81DFE29040078EE14 /* JSUIKit.m */ = {isa = PBXFileReference; fileEncoding = 4; lastKnownFileType = sourcecode.c.objc; path = JSUIKit.m; sourceTree = "<group>"; };
/* End PBXFileReference section */

/* Begin PBXFrameworksBuildPhase section */
		FDEE65BD1DFE28CF0078EE14 /* Frameworks */ = {
			isa = PBXFrameworksBuildPhase;
			buildActionMask = 2147483647;
			files = (
			);
			runOnlyForDeploymentPostprocessing = 0;
		};
/* End PBXFrameworksBuildPhase section */

/* Begin PBXGroup section */
		576F7EC984682E010BBAC1CE /* Frameworks */ = {
			isa = PBXGroup;
			children = (
				FDC147311E095C6A007C2335 /* libz.tbd */,
				DA1F67967CE1B13BF8B0248E /* libPods-JSUIKitDemo.a */,
			);
			name = Frameworks;
			sourceTree = "<group>";
		};
		FDEE65B71DFE28CF0078EE14 = {
			isa = PBXGroup;
			children = (
				FDEE65F61DFE29040078EE14 /* JSUIKit */,
				FDEE65C21DFE28CF0078EE14 /* JSUIKitDemo */,
				FDEE65C11DFE28CF0078EE14 /* Products */,
				576F7EC984682E010BBAC1CE /* Frameworks */,
			);
			sourceTree = "<group>";
		};
		FDEE65C11DFE28CF0078EE14 /* Products */ = {
			isa = PBXGroup;
			children = (
				FDEE65C01DFE28CF0078EE14 /* JSUIKitDemo.app */,
			);
			name = Products;
			sourceTree = "<group>";
		};
		FDEE65C21DFE28CF0078EE14 /* JSUIKitDemo */ = {
			isa = PBXGroup;
			children = (
				FDEE65C61DFE28CF0078EE14 /* AppDelegate.h */,
				FDEE65C71DFE28CF0078EE14 /* AppDelegate.m */,
				FDEE65C91DFE28CF0078EE14 /* ViewController.h */,
				FDEE65CA1DFE28CF0078EE14 /* ViewController.m */,
				FDEE65CC1DFE28CF0078EE14 /* Main.storyboard */,
				FDEE65CF1DFE28CF0078EE14 /* Assets.xcassets */,
				FDEE65D11DFE28CF0078EE14 /* LaunchScreen.storyboard */,
				FDEE65D41DFE28CF0078EE14 /* Info.plist */,
				FDEE65C31DFE28CF0078EE14 /* Supporting Files */,
			);
			path = JSUIKitDemo;
			sourceTree = "<group>";
		};
		FDEE65C31DFE28CF0078EE14 /* Supporting Files */ = {
			isa = PBXGroup;
			children = (
				FDEE65C41DFE28CF0078EE14 /* main.m */,
			);
			name = "Supporting Files";
			sourceTree = "<group>";
		};
		FDEE65F61DFE29040078EE14 /* JSUIKit */ = {
			isa = PBXGroup;
			children = (
				FDEE65F71DFE29040078EE14 /* JSUIKit.h */,
				FDEE65F81DFE29040078EE14 /* JSUIKit.m */,
			);
			path = JSUIKit;
			sourceTree = "<group>";
		};
/* End PBXGroup section */

/* Begin PBXNativeTarget section */
		FDEE65BF1DFE28CF0078EE14 /* JSUIKitDemo */ = {
			isa = PBXNativeTarget;
			buildConfigurationList = FDEE65ED1DFE28CF0078EE14 /* Build configuration list for PBXNativeTarget "JSUIKitDemo" */;
			buildPhases = (
				FDEE65BC1DFE28CF0078EE14 /* Sources */,
				FDEE65BD1DFE28CF0078EE14 /* Frameworks */,
				FDEE65BE1DFE28CF0078EE14 /* Resources */,
			);
			buildRules = (
			);
			dependencies = (
			);
			name = JSUIKitDemo;
			productName = JSUIKitDemo;
			productReference = FDEE65C01DFE28CF0078EE14 /* JSUIKitDemo.app */;
			productType = "com.apple.product-type.application";
		};
/* End PBXNativeTarget section */

/* Begin PBXProject section */
		FDEE65B81DFE28CF0078EE14 /* Project object */ = {
			isa = PBXProject;
			attributes = {
				LastUpgradeCheck = 0820;
				ORGANIZATIONNAME = "菅思博";
				TargetAttributes = {
					FDEE65BF1DFE28CF0078EE14 = {
						CreatedOnToolsVersion = 8.1;
						ProvisioningStyle = Manual;
					};
				};
			};
			buildConfigurationList = FDEE65BB1DFE28CF0078EE14 /* Build configuration list for PBXProject "JSUIKitDemo" */;
			compatibilityVersion = "Xcode 3.2";
			developmentRegion = English;
			hasScannedForEncodings = 0;
			knownRegions = (
				en,
				Base,
			);
			mainGroup = FDEE65B71DFE28CF0078EE14;
			productRefGroup = FDEE65C11DFE28CF0078EE14 /* Products */;
			projectDirPath = "";
			projectRoot = "";
			targets = (
				FDEE65BF1DFE28CF0078EE14 /* JSUIKitDemo */,
			);
		};
/* End PBXProject section */

/* Begin PBXResourcesBuildPhase section */
		FDEE65BE1DFE28CF0078EE14 /* Resources */ = {
			isa = PBXResourcesBuildPhase;
			buildActionMask = 2147483647;
			files = (
				FDEE65D31DFE28CF0078EE14 /* LaunchScreen.storyboard in Resources */,
				FDEE65D01DFE28CF0078EE14 /* Assets.xcassets in Resources */,
				FDEE65CE1DFE28CF0078EE14 /* Main.storyboard in Resources */,
			);
			runOnlyForDeploymentPostprocessing = 0;
		};
/* End PBXResourcesBuildPhase section */

/* Begin PBXSourcesBuildPhase section */
		FDEE65BC1DFE28CF0078EE14 /* Sources */ = {
			isa = PBXSourcesBuildPhase;
			buildActionMask = 2147483647;
			files = (
				FDEE65CB1DFE28CF0078EE14 /* ViewController.m in Sources */,
				FDEE65C81DFE28CF0078EE14 /* AppDelegate.m in Sources */,
				FDEE65C51DFE28CF0078EE14 /* main.m in Sources */,
				FDEE65F91DFE29040078EE14 /* JSUIKit.m in Sources */,
			);
			runOnlyForDeploymentPostprocessing = 0;
		};
/* End PBXSourcesBuildPhase section */

/* Begin PBXVariantGroup section */
		FDEE65CC1DFE28CF0078EE14 /* Main.storyboard */ = {
			isa = PBXVariantGroup;
			children = (
				FDEE65CD1DFE28CF0078EE14 /* Base */,
			);
			name = Main.storyboard;
			sourceTree = "<group>";
		};
		FDEE65D11DFE28CF0078EE14 /* LaunchScreen.storyboard */ = {
			isa = PBXVariantGroup;
			children = (
				FDEE65D21DFE28CF0078EE14 /* Base */,
			);
			name = LaunchScreen.storyboard;
			sourceTree = "<group>";
		};
/* End PBXVariantGroup section */

/* Begin XCBuildConfiguration section */
		FDEE65EB1DFE28CF0078EE14 /* Debug */ = {
			isa = XCBuildConfiguration;
			buildSettings = {
				ALWAYS_SEARCH_USER_PATHS = NO;
				CLANG_ANALYZER_NONNULL = YES;
				CLANG_CXX_LANGUAGE_STANDARD = "gnu++0x";
				CLANG_CXX_LIBRARY = "libc++";
				CLANG_ENABLE_MODULES = YES;
				CLANG_ENABLE_OBJC_ARC = YES;
				CLANG_WARN_BOOL_CONVERSION = YES;
				CLANG_WARN_CONSTANT_CONVERSION = YES;
				CLANG_WARN_DIRECT_OBJC_ISA_USAGE = YES_ERROR;
				CLANG_WARN_DOCUMENTATION_COMMENTS = YES;
				CLANG_WARN_EMPTY_BODY = YES;
				CLANG_WARN_ENUM_CONVERSION = YES;
				CLANG_WARN_INFINITE_RECURSION = YES;
				CLANG_WARN_INT_CONVERSION = YES;
				CLANG_WARN_OBJC_ROOT_CLASS = YES_ERROR;
				CLANG_WARN_SUSPICIOUS_MOVE = YES;
				CLANG_WARN_SUSPICIOUS_MOVES = YES;
				CLANG_WARN_UNREACHABLE_CODE = YES;
				CLANG_WARN__DUPLICATE_METHOD_MATCH = YES;
				"CODE_SIGN_IDENTITY[sdk=iphoneos*]" = "iPhone Developer";
				COPY_PHASE_STRIP = NO;
				DEBUG_INFORMATION_FORMAT = dwarf;
				ENABLE_STRICT_OBJC_MSGSEND = YES;
				ENABLE_TESTABILITY = YES;
				GCC_C_LANGUAGE_STANDARD = gnu99;
				GCC_DYNAMIC_NO_PIC = NO;
				GCC_NO_COMMON_BLOCKS = YES;
				GCC_OPTIMIZATION_LEVEL = 0;
				GCC_PREPROCESSOR_DEFINITIONS = (
					"DEBUG=1",
					"$(inherited)",
				);
				GCC_WARN_64_TO_32_BIT_CONVERSION = YES;
				GCC_WARN_ABOUT_RETURN_TYPE = YES_ERROR;
				GCC_WARN_UNDECLARED_SELECTOR = YES;
				GCC_WARN_UNINITIALIZED_AUTOS = YES_AGGRESSIVE;
				GCC_WARN_UNUSED_FUNCTION = YES;
				GCC_WARN_UNUSED_VARIABLE = YES;
				IPHONEOS_DEPLOYMENT_TARGET = 8.0;
				MTL_ENABLE_DEBUG_INFO = YES;
				ONLY_ACTIVE_ARCH = YES;
				SDKROOT = iphoneos;
				TARGETED_DEVICE_FAMILY = "1,2";
			};
			name = Debug;
		};
		FDEE65EC1DFE28CF0078EE14 /* Release */ = {
			isa = XCBuildConfiguration;
			buildSettings = {
				ALWAYS_SEARCH_USER_PATHS = NO;
				CLANG_ANALYZER_NONNULL = YES;
				CLANG_CXX_LANGUAGE_STANDARD = "gnu++0x";
				CLANG_CXX_LIBRARY = "libc++";
				CLANG_ENABLE_MODULES = YES;
				CLANG_ENABLE_OBJC_ARC = YES;
				CLANG_WARN_BOOL_CONVERSION = YES;
				CLANG_WARN_CONSTANT_CONVERSION = YES;
				CLANG_WARN_DIRECT_OBJC_ISA_USAGE = YES_ERROR;
				CLANG_WARN_DOCUMENTATION_COMMENTS = YES;
				CLANG_WARN_EMPTY_BODY = YES;
				CLANG_WARN_ENUM_CONVERSION = YES;
				CLANG_WARN_INFINITE_RECURSION = YES;
				CLANG_WARN_INT_CONVERSION = YES;
				CLANG_WARN_OBJC_ROOT_CLASS = YES_ERROR;
				CLANG_WARN_SUSPICIOUS_MOVE = YES;
				CLANG_WARN_SUSPICIOUS_MOVES = YES;
				CLANG_WARN_UNREACHABLE_CODE = YES;
				CLANG_WARN__DUPLICATE_METHOD_MATCH = YES;
				"CODE_SIGN_IDENTITY[sdk=iphoneos*]" = "iPhone Developer";
				COPY_PHASE_STRIP = NO;
				DEBUG_INFORMATION_FORMAT = "dwarf-with-dsym";
				ENABLE_NS_ASSERTIONS = NO;
				ENABLE_STRICT_OBJC_MSGSEND = YES;
				GCC_C_LANGUAGE_STANDARD = gnu99;
				GCC_NO_COMMON_BLOCKS = YES;
				GCC_WARN_64_TO_32_BIT_CONVERSION = YES;
				GCC_WARN_ABOUT_RETURN_TYPE = YES_ERROR;
				GCC_WARN_UNDECLARED_SELECTOR = YES;
				GCC_WARN_UNINITIALIZED_AUTOS = YES_AGGRESSIVE;
				GCC_WARN_UNUSED_FUNCTION = YES;
				GCC_WARN_UNUSED_VARIABLE = YES;
				IPHONEOS_DEPLOYMENT_TARGET = 8.0;
				MTL_ENABLE_DEBUG_INFO = NO;
				SDKROOT = iphoneos;
				TARGETED_DEVICE_FAMILY = "1,2";
				VALIDATE_PRODUCT = YES;
			};
			name = Release;
		};
		FDEE65EE1DFE28CF0078EE14 /* Debug */ = {
			isa = XCBuildConfiguration;
			buildSettings = {
				ASSETCATALOG_COMPILER_APPICON_NAME = AppIcon;
				DEVELOPMENT_TEAM = "";
				INFOPLIST_FILE = JSUIKitDemo/Info.plist;
				LD_RUNPATH_SEARCH_PATHS = "$(inherited) @executable_path/Frameworks";
				PRODUCT_BUNDLE_IDENTIFIER = com.Spirit.JSUIKitDemo;
				PRODUCT_NAME = "$(TARGET_NAME)";
				TARGETED_DEVICE_FAMILY = 1;
			};
			name = Debug;
		};
		FDEE65EF1DFE28CF0078EE14 /* Release */ = {
			isa = XCBuildConfiguration;
			buildSettings = {
				ASSETCATALOG_COMPILER_APPICON_NAME = AppIcon;
				DEVELOPMENT_TEAM = "";
				INFOPLIST_FILE = JSUIKitDemo/Info.plist;
				LD_RUNPATH_SEARCH_PATHS = "$(inherited) @executable_path/Frameworks";
				PRODUCT_BUNDLE_IDENTIFIER = com.Spirit.JSUIKitDemo;
				PRODUCT_NAME = "$(TARGET_NAME)";
				TARGETED_DEVICE_FAMILY = 1;
			};
			name = Release;
		};
/* End XCBuildConfiguration section */

/* Begin XCConfigurationList section */
		FDEE65BB1DFE28CF0078EE14 /* Build configuration list for PBXProject "JSUIKitDemo" */ = {
			isa = XCConfigurationList;
			buildConfigurations = (
				FDEE65EB1DFE28CF0078EE14 /* Debug */,
				FDEE65EC1DFE28CF0078EE14 /* Release */,
			);
			defaultConfigurationIsVisible = 0;
			defaultConfigurationName = Release;
		};
		FDEE65ED1DFE28CF0078EE14 /* Build configuration list for PBXNativeTarget "JSUIKitDemo" */ = {
			isa = XCConfigurationList;
			buildConfigurations = (
				FDEE65EE1DFE28CF0078EE14 /* Debug */,
				FDEE65EF1DFE28CF0078EE14 /* Release */,
			);
			defaultConfigurationIsVisible = 0;
			defaultConfigurationName = Release;
		};
/* End XCConfigurationList section */
	};
	rootObject = FDEE65B81DFE28CF0078EE14 /* Project object */;
}
